
Microsoft Visual Studio Solution File, Format Version 12.00
# Visual Studio Version 17
VisualStudioVersion = 17.0.32014.148
MinimumVisualStudioVersion = 10.0.40219.1
Project("{9A19103F-16F7-4668-BE54-9A1E7A4F7556}") = "HFastKit", "HFastKit\HFastKit.csproj", "{79890703-7755-40FF-989E-24FB0C654A32}"
EndProject
Project("{9A19103F-16F7-4668-BE54-9A1E7A4F7556}") = "HFastKit.AspNetCore", "HFastKit.AspNetCore\HFastKit.AspNetCore.csproj", "{6DCC8508-ADD2-40EF-8A4F-B21327BD0930}"
EndProject
Project("{9A19103F-16F7-4668-BE54-9A1E7A4F7556}") = "HFastKit.AspNetCore.Shared", "HFastKit.AspNetCore.Shared\HFastKit.AspNetCore.Shared.csproj", "{98CC5061-F8C0-4D23-ACCD-DE22589AEFB3}"
EndProject
Global
	GlobalSection(SolutionConfigurationPlatforms) = preSolution
		Debug|Any CPU = Debug|Any CPU
		Release|Any CPU = Release|Any CPU
	EndGlobalSection
	GlobalSection(ProjectConfigurationPlatforms) = postSolution
		{79890703-7755-40FF-989E-24FB0C654A32}.Debug|Any CPU.ActiveCfg = Debug|Any CPU
		{79890703-7755-40FF-989E-24FB0C654A32}.Debug|Any CPU.Build.0 = Debug|Any CPU
		{79890703-7755-40FF-989E-24FB0C654A32}.Release|Any CPU.ActiveCfg = Release|Any CPU
		{79890703-7755-40FF-989E-24FB0C654A32}.Release|Any CPU.Build.0 = Release|Any CPU
		{6DCC8508-ADD2-40EF-8A4F-B21327BD0930}.Debug|Any CPU.ActiveCfg = Debug|Any CPU
		{6DCC8508-ADD2-40EF-8A4F-B21327BD0930}.Debug|Any CPU.Build.0 = Debug|Any CPU
		{6DCC8508-ADD2-40EF-8A4F-B21327BD0930}.Release|Any CPU.ActiveCfg = Release|Any CPU
		{6DCC8508-ADD2-40EF-8A4F-B21327BD0930}.Release|Any CPU.Build.0 = Release|Any CPU
		{98CC5061-F8C0-4D23-ACCD-DE22589AEFB3}.Debug|Any CPU.ActiveCfg = Debug|Any CPU
		{98CC5061-F8C0-4D23-ACCD-DE22589AEFB3}.Debug|Any CPU.Build.0 = Debug|Any CPU
		{98CC5061-F8C0-4D23-ACCD-DE22589AEFB3}.Release|Any CPU.ActiveCfg = Release|Any CPU
		{98CC5061-F8C0-4D23-ACCD-DE22589AEFB3}.Release|Any CPU.Build.0 = Release|Any CPU
	EndGlobalSection
	GlobalSection(SolutionProperties) = preSolution
		HideSolutionNode = FALSE
	EndGlobalSection
	GlobalSection(ExtensibilityGlobals) = postSolution
		SolutionGuid = {B2EB9A64-5DB8-41FA-BA68-0404DD95C612}
	EndGlobalSection
EndGlobal
